
Microsoft Visual Studio Solution File, Format Version 12.00
# Visual Studio Version 17
VisualStudioVersion = 17.13.35931.197 d17.13
MinimumVisualStudioVersion = 10.0.40219.1
Project("{FAE04EC0-301F-11D3-BF4B-00C04F79EFBC}") = "VehiculosDGA.Web", "VehiculosDGA.Web.csproj", "{92800A51-4FA4-3E9D-B1CF-9F53EEB72187}"
EndProject
Global
	GlobalSection(SolutionConfigurationPlatforms) = preSolution
		Debug|Any CPU = Debug|Any CPU
		Release|Any CPU = Release|Any CPU
	EndGlobalSection
	GlobalSection(ProjectConfigurationPlatforms) = postSolution
		{92800A51-4FA4-3E9D-B1CF-9F53EEB72187}.Debug|Any CPU.ActiveCfg = Debug|Any CPU
		{92800A51-4FA4-3E9D-B1CF-9F53EEB72187}.Debug|Any CPU.Build.0 = Debug|Any CPU
		{92800A51-4FA4-3E9D-B1CF-9F53EEB72187}.Release|Any CPU.ActiveCfg = Release|Any CPU
		{92800A51-4FA4-3E9D-B1CF-9F53EEB72187}.Release|Any CPU.Build.0 = Release|Any CPU
	EndGlobalSection
	GlobalSection(SolutionProperties) = preSolution
		HideSolutionNode = FALSE
	EndGlobalSection
	GlobalSection(ExtensibilityGlobals) = postSolution
		SolutionGuid = {AD2FC513-1CA8-477E-8D66-E540AF601B0B}
	EndGlobalSection
EndGlobal
